
Microsoft Visual Studio Solution File, Format Version 12.00
# Visual Studio Version 17
VisualStudioVersion = 17.10.34928.147
MinimumVisualStudioVersion = 10.0.40219.1
Project("{9A19103F-16F7-4668-BE54-9A1E7A4F7556}") = "DentistStudioApp", "DentistStudioApp.csproj", "{70EF34F8-CED4-4E25-A8FC-63EBEB11E3FB}"
EndProject
Project("{9A19103F-16F7-4668-BE54-9A1E7A4F7556}") = "FrontEnd", "..\DesktopBusinessAppSharpBuilder\FrontEnd.csproj", "{20717FA5-F3A2-4764-9B5B-E07483F659AE}"
EndProject
Global
	GlobalSection(SolutionConfigurationPlatforms) = preSolution
		Debug|Any CPU = Debug|Any CPU
		Release|Any CPU = Release|Any CPU
	EndGlobalSection
	GlobalSection(ProjectConfigurationPlatforms) = postSolution
		{70EF34F8-CED4-4E25-A8FC-63EBEB11E3FB}.Debug|Any CPU.ActiveCfg = Debug|Any CPU
		{70EF34F8-CED4-4E25-A8FC-63EBEB11E3FB}.Debug|Any CPU.Build.0 = Debug|Any CPU
		{70EF34F8-CED4-4E25-A8FC-63EBEB11E3FB}.Release|Any CPU.ActiveCfg = Release|Any CPU
		{70EF34F8-CED4-4E25-A8FC-63EBEB11E3FB}.Release|Any CPU.Build.0 = Release|Any CPU
		{20717FA5-F3A2-4764-9B5B-E07483F659AE}.Debug|Any CPU.ActiveCfg = Debug|Any CPU
		{20717FA5-F3A2-4764-9B5B-E07483F659AE}.Debug|Any CPU.Build.0 = Debug|Any CPU
		{20717FA5-F3A2-4764-9B5B-E07483F659AE}.Release|Any CPU.ActiveCfg = Release|Any CPU
		{20717FA5-F3A2-4764-9B5B-E07483F659AE}.Release|Any CPU.Build.0 = Release|Any CPU
	EndGlobalSection
	GlobalSection(SolutionProperties) = preSolution
		HideSolutionNode = FALSE
	EndGlobalSection
	GlobalSection(ExtensibilityGlobals) = postSolution
		SolutionGuid = {ADB0B6F1-0CB1-4042-AA34-7B906128D3CF}
	EndGlobalSection
EndGlobal
